
Microsoft Visual Studio Solution File, Format Version 12.00
# Visual Studio Version 17
VisualStudioVersion = 17.5.33516.290
MinimumVisualStudioVersion = 10.0.40219.1
Project("{FAE04EC0-301F-11D3-BF4B-00C04F79EFBC}") = "Binärbaum.Data", "Binärbaum\Binärbaum.Data.csproj", "{FA010980-F193-40D2-9270-742E01DC13A0}"
EndProject
Project("{FAE04EC0-301F-11D3-BF4B-00C04F79EFBC}") = "BinaryTree.UI", "BinaryTree.UI\BinaryTree.UI.csproj", "{262FEEB8-7731-4878-824C-DE535DA715E6}"
EndProject
Global
	GlobalSection(SolutionConfigurationPlatforms) = preSolution
		Debug|Any CPU = Debug|Any CPU
		Release|Any CPU = Release|Any CPU
	EndGlobalSection
	GlobalSection(ProjectConfigurationPlatforms) = postSolution
		{FA010980-F193-40D2-9270-742E01DC13A0}.Debug|Any CPU.ActiveCfg = Debug|Any CPU
		{FA010980-F193-40D2-9270-742E01DC13A0}.Debug|Any CPU.Build.0 = Debug|Any CPU
		{FA010980-F193-40D2-9270-742E01DC13A0}.Release|Any CPU.ActiveCfg = Release|Any CPU
		{FA010980-F193-40D2-9270-742E01DC13A0}.Release|Any CPU.Build.0 = Release|Any CPU
		{262FEEB8-7731-4878-824C-DE535DA715E6}.Debug|Any CPU.ActiveCfg = Debug|Any CPU
		{262FEEB8-7731-4878-824C-DE535DA715E6}.Debug|Any CPU.Build.0 = Debug|Any CPU
		{262FEEB8-7731-4878-824C-DE535DA715E6}.Release|Any CPU.ActiveCfg = Release|Any CPU
		{262FEEB8-7731-4878-824C-DE535DA715E6}.Release|Any CPU.Build.0 = Release|Any CPU
	EndGlobalSection
	GlobalSection(SolutionProperties) = preSolution
		HideSolutionNode = FALSE
	EndGlobalSection
	GlobalSection(ExtensibilityGlobals) = postSolution
		SolutionGuid = {12AA9503-F4DF-4278-89EB-D49B8223B084}
	EndGlobalSection
EndGlobal
